
Microsoft Visual Studio Solution File, Format Version 12.00
# Visual Studio Version 16
VisualStudioVersion = 16.0.30225.117
MinimumVisualStudioVersion = 10.0.40219.1
Project("{FAE04EC0-301F-11D3-BF4B-00C04F79EFBC}") = "Pure Puzzles (Thinking Like A Programmer)", "Pure Puzzles (Thinking Like A Programmer)\Pure Puzzles (Thinking Like A Programmer).csproj", "{3D765017-BC24-499C-AD86-F6F73D7BB2E6}"
EndProject
Global
	GlobalSection(SolutionConfigurationPlatforms) = preSolution
		Debug|Any CPU = Debug|Any CPU
		Release|Any CPU = Release|Any CPU
	EndGlobalSection
	GlobalSection(ProjectConfigurationPlatforms) = postSolution
		{3D765017-BC24-499C-AD86-F6F73D7BB2E6}.Debug|Any CPU.ActiveCfg = Debug|Any CPU
		{3D765017-BC24-499C-AD86-F6F73D7BB2E6}.Debug|Any CPU.Build.0 = Debug|Any CPU
		{3D765017-BC24-499C-AD86-F6F73D7BB2E6}.Release|Any CPU.ActiveCfg = Release|Any CPU
		{3D765017-BC24-499C-AD86-F6F73D7BB2E6}.Release|Any CPU.Build.0 = Release|Any CPU
	EndGlobalSection
	GlobalSection(SolutionProperties) = preSolution
		HideSolutionNode = FALSE
	EndGlobalSection
	GlobalSection(ExtensibilityGlobals) = postSolution
		SolutionGuid = {837963A6-4EF8-4BB8-8C68-B4B4917D5F36}
	EndGlobalSection
EndGlobal
